
Microsoft Visual Studio Solution File, Format Version 12.00
# Visual Studio Version 17
VisualStudioVersion = 17.4.33103.184
MinimumVisualStudioVersion = 10.0.40219.1
Project("{FAE04EC0-301F-11D3-BF4B-00C04F79EFBC}") = "GrpcService", "GrpcService\GrpcService.csproj", "{949ED538-2A3D-4F92-98C0-4A979E5ED346}"
EndProject
Project("{FAE04EC0-301F-11D3-BF4B-00C04F79EFBC}") = "GrpcClientConsole", "GrpcClientConsole\GrpcClientConsole.csproj", "{E221ED71-FEEA-4825-9475-AE11E0171274}"
EndProject
Global
	GlobalSection(SolutionConfigurationPlatforms) = preSolution
		Debug|Any CPU = Debug|Any CPU
		Release|Any CPU = Release|Any CPU
	EndGlobalSection
	GlobalSection(ProjectConfigurationPlatforms) = postSolution
		{949ED538-2A3D-4F92-98C0-4A979E5ED346}.Debug|Any CPU.ActiveCfg = Debug|Any CPU
		{949ED538-2A3D-4F92-98C0-4A979E5ED346}.Debug|Any CPU.Build.0 = Debug|Any CPU
		{949ED538-2A3D-4F92-98C0-4A979E5ED346}.Release|Any CPU.ActiveCfg = Release|Any CPU
		{949ED538-2A3D-4F92-98C0-4A979E5ED346}.Release|Any CPU.Build.0 = Release|Any CPU
		{E221ED71-FEEA-4825-9475-AE11E0171274}.Debug|Any CPU.ActiveCfg = Debug|Any CPU
		{E221ED71-FEEA-4825-9475-AE11E0171274}.Debug|Any CPU.Build.0 = Debug|Any CPU
		{E221ED71-FEEA-4825-9475-AE11E0171274}.Release|Any CPU.ActiveCfg = Release|Any CPU
		{E221ED71-FEEA-4825-9475-AE11E0171274}.Release|Any CPU.Build.0 = Release|Any CPU
	EndGlobalSection
	GlobalSection(SolutionProperties) = preSolution
		HideSolutionNode = FALSE
	EndGlobalSection
	GlobalSection(ExtensibilityGlobals) = postSolution
		SolutionGuid = {D0E93BD9-96BA-4067-890F-ADBCCD19DBC8}
	EndGlobalSection
EndGlobal
